// !$*UTF8*$!
{
	archiveVersion = 1;
	classes = {
	};
	objectVersion = 46;
	objects = {

/* Begin PBXBuildFile section */
		32D89BDC1A4CC529004A3F24 /* main.m in Sources */ = {isa = PBXBuildFile; fileRef = 32D89BDB1A4CC529004A3F24 /* main.m */; };
		32D89BDF1A4CC529004A3F24 /* AppDelegate.m in Sources */ = {isa = PBXBuildFile; fileRef = 32D89BDE1A4CC529004A3F24 /* AppDelegate.m */; };
		32D89BE21A4CC529004A3F24 /* ViewController.m in Sources */ = {isa = PBXBuildFile; fileRef = 32D89BE11A4CC529004A3F24 /* ViewController.m */; };
		32D89BE51A4CC529004A3F24 /* Main.storyboard in Resources */ = {isa = PBXBuildFile; fileRef = 32D89BE31A4CC529004A3F24 /* Main.storyboard */; };
		32D89BE71A4CC529004A3F24 /* Images.xcassets in Resources */ = {isa = PBXBuildFile; fileRef = 32D89BE61A4CC529004A3F24 /* Images.xcassets */; };
		32D89BEA1A4CC529004A3F24 /* LaunchScreen.xib in Resources */ = {isa = PBXBuildFile; fileRef = 32D89BE81A4CC529004A3F24 /* LaunchScreen.xib */; };
		32D89BF61A4CC52A004A3F24 /* tipcalculator2Tests.m in Sources */ = {isa = PBXBuildFile; fileRef = 32D89BF51A4CC52A004A3F24 /* tipcalculator2Tests.m */; };
		32D89C021A4CCA5A004A3F24 /* TipViewController.m in Sources */ = {isa = PBXBuildFile; fileRef = 32D89C001A4CCA5A004A3F24 /* TipViewController.m */; };
		32D89C031A4CCA5A004A3F24 /* TipViewController.xib in Resources */ = {isa = PBXBuildFile; fileRef = 32D89C011A4CCA5A004A3F24 /* TipViewController.xib */; };
		32D89C071A4D59C1004A3F24 /* SettingsViewController.m in Sources */ = {isa = PBXBuildFile; fileRef = 32D89C051A4D59C1004A3F24 /* SettingsViewController.m */; };
		32D89C081A4D59C1004A3F24 /* SettingsViewController.xib in Resources */ = {isa = PBXBuildFile; fileRef = 32D89C061A4D59C1004A3F24 /* SettingsViewController.xib */; };
/* End PBXBuildFile section */

/* Begin PBXContainerItemProxy section */
		32D89BF01A4CC52A004A3F24 /* PBXContainerItemProxy */ = {
			isa = PBXContainerItemProxy;
			containerPortal = 32D89BCE1A4CC529004A3F24 /* Project object */;
			proxyType = 1;
			remoteGlobalIDString = 32D89BD51A4CC529004A3F24;
			remoteInfo = tipcalculator2;
		};
/* End PBXContainerItemProxy section */

/* Begin PBXFileReference section */
		32D89BD61A4CC529004A3F24 /* tipcalculator2.app */ = {isa = PBXFileReference; explicitFileType = wrapper.application; includeInIndex = 0; path = tipcalculator2.app; sourceTree = BUILT_PRODUCTS_DIR; };
		32D89BDA1A4CC529004A3F24 /* Info.plist */ = {isa = PBXFileReference; lastKnownFileType = text.plist.xml; path = Info.plist; sourceTree = "<group>"; };
		32D89BDB1A4CC529004A3F24 /* main.m */ = {isa = PBXFileReference; lastKnownFileType = sourcecode.c.objc; path = main.m; sourceTree = "<group>"; };
		32D89BDD1A4CC529004A3F24 /* AppDelegate.h */ = {isa = PBXFileReference; lastKnownFileType = sourcecode.c.h; path = AppDelegate.h; sourceTree = "<group>"; };
		32D89BDE1A4CC529004A3F24 /* AppDelegate.m */ = {isa = PBXFileReference; lastKnownFileType = sourcecode.c.objc; path = AppDelegate.m; sourceTree = "<group>"; };
		32D89BE01A4CC529004A3F24 /* ViewController.h */ = {isa = PBXFileReference; lastKnownFileType = sourcecode.c.h; path = ViewController.h; sourceTree = "<group>"; };
		32D89BE11A4CC529004A3F24 /* ViewController.m */ = {isa = PBXFileReference; lastKnownFileType = sourcecode.c.objc; path = ViewController.m; sourceTree = "<group>"; };
		32D89BE41A4CC529004A3F24 /* Base */ = {isa = PBXFileReference; lastKnownFileType = file.storyboard; name = Base; path = Base.lproj/Main.storyboard; sourceTree = "<group>"; };
		32D89BE61A4CC529004A3F24 /* Images.xcassets */ = {isa = PBXFileReference; lastKnownFileType = folder.assetcatalog; path = Images.xcassets; sourceTree = "<group>"; };
		32D89BE91A4CC529004A3F24 /* Base */ = {isa = PBXFileReference; lastKnownFileType = file.xib; name = Base; path = Base.lproj/LaunchScreen.xib; sourceTree = "<group>"; };
		32D89BEF1A4CC52A004A3F24 /* tipcalculator2Tests.xctest */ = {isa = PBXFileReference; explicitFileType = wrapper.cfbundle; includeInIndex = 0; path = tipcalculator2Tests.xctest; sourceTree = BUILT_PRODUCTS_DIR; };
		32D89BF41A4CC52A004A3F24 /* Info.plist */ = {isa = PBXFileReference; lastKnownFileType = text.plist.xml; path = Info.plist; sourceTree = "<group>"; };
		32D89BF51A4CC52A004A3F24 /* tipcalculator2Tests.m */ = {isa = PBXFileReference; lastKnownFileType = sourcecode.c.objc; path = tipcalculator2Tests.m; sourceTree = "<group>"; };
		32D89BFF1A4CCA5A004A3F24 /* TipViewController.h */ = {isa = PBXFileReference; fileEncoding = 4; lastKnownFileType = sourcecode.c.h; path = TipViewController.h; sourceTree = "<group>"; };
		32D89C001A4CCA5A004A3F24 /* TipViewController.m */ = {isa = PBXFileReference; fileEncoding = 4; lastKnownFileType = sourcecode.c.objc; path = TipViewController.m; sourceTree = "<group>"; };
		32D89C011A4CCA5A004A3F24 /* TipViewController.xib */ = {isa = PBXFileReference; fileEncoding = 4; lastKnownFileType = file.xib; path = TipViewController.xib; sourceTree = "<group>"; };
		32D89C041A4D59C1004A3F24 /* SettingsViewController.h */ = {isa = PBXFileReference; fileEncoding = 4; lastKnownFileType = sourcecode.c.h; path = SettingsViewController.h; sourceTree = "<group>"; };
		32D89C051A4D59C1004A3F24 /* SettingsViewController.m */ = {isa = PBXFileReference; fileEncoding = 4; lastKnownFileType = sourcecode.c.objc; path = SettingsViewController.m; sourceTree = "<group>"; };
		32D89C061A4D59C1004A3F24 /* SettingsViewController.xib */ = {isa = PBXFileReference; fileEncoding = 4; lastKnownFileType = file.xib; path = SettingsViewController.xib; sourceTree = "<group>"; };
/* End PBXFileReference section */

/* Begin PBXFrameworksBuildPhase section */
		32D89BD31A4CC529004A3F24 /* Frameworks */ = {
			isa = PBXFrameworksBuildPhase;
			buildActionMask = 2147483647;
			files = (
			);
			runOnlyForDeploymentPostprocessing = 0;
		};
		32D89BEC1A4CC529004A3F24 /* Frameworks */ = {
			isa = PBXFrameworksBuildPhase;
			buildActionMask = 2147483647;
			files = (
			);
			runOnlyForDeploymentPostprocessing = 0;
		};
/* End PBXFrameworksBuildPhase section */

/* Begin PBXGroup section */
		32D89BCD1A4CC529004A3F24 = {
			isa = PBXGroup;
			children = (
				32D89BD81A4CC529004A3F24 /* tipcalculator2 */,
				32D89BF21A4CC52A004A3F24 /* tipcalculator2Tests */,
				32D89BD71A4CC529004A3F24 /* Products */,
			);
			sourceTree = "<group>";
		};
		32D89BD71A4CC529004A3F24 /* Products */ = {
			isa = PBXGroup;
			children = (
				32D89BD61A4CC529004A3F24 /* tipcalculator2.app */,
				32D89BEF1A4CC52A004A3F24 /* tipcalculator2Tests.xctest */,
			);
			name = Products;
			sourceTree = "<group>";
		};
		32D89BD81A4CC529004A3F24 /* tipcalculator2 */ = {
			isa = PBXGroup;
			children = (
				32D89BDD1A4CC529004A3F24 /* AppDelegate.h */,
				32D89BDE1A4CC529004A3F24 /* AppDelegate.m */,
				32D89BE01A4CC529004A3F24 /* ViewController.h */,
				32D89BE11A4CC529004A3F24 /* ViewController.m */,
				32D89BE31A4CC529004A3F24 /* Main.storyboard */,
				32D89BE61A4CC529004A3F24 /* Images.xcassets */,
				32D89BE81A4CC529004A3F24 /* LaunchScreen.xib */,
				32D89BD91A4CC529004A3F24 /* Supporting Files */,
				32D89BFF1A4CCA5A004A3F24 /* TipViewController.h */,
				32D89C001A4CCA5A004A3F24 /* TipViewController.m */,
				32D89C011A4CCA5A004A3F24 /* TipViewController.xib */,
				32D89C041A4D59C1004A3F24 /* SettingsViewController.h */,
				32D89C051A4D59C1004A3F24 /* SettingsViewController.m */,
				32D89C061A4D59C1004A3F24 /* SettingsViewController.xib */,
			);
			path = tipcalculator2;
			sourceTree = "<group>";
		};
		32D89BD91A4CC529004A3F24 /* Supporting Files */ = {
			isa = PBXGroup;
			children = (
				32D89BDA1A4CC529004A3F24 /* Info.plist */,
				32D89BDB1A4CC529004A3F24 /* main.m */,
			);
			name = "Supporting Files";
			sourceTree = "<group>";
		};
		32D89BF21A4CC52A004A3F24 /* tipcalculator2Tests */ = {
			isa = PBXGroup;
			children = (
				32D89BF51A4CC52A004A3F24 /* tipcalculator2Tests.m */,
				32D89BF31A4CC52A004A3F24 /* Supporting Files */,
			);
			path = tipcalculator2Tests;
			sourceTree = "<group>";
		};
		32D89BF31A4CC52A004A3F24 /* Supporting Files */ = {
			isa = PBXGroup;
			children = (
				32D89BF41A4CC52A004A3F24 /* Info.plist */,
			);
			name = "Supporting Files";
			sourceTree = "<group>";
		};
/* End PBXGroup section */

/* Begin PBXNativeTarget section */
		32D89BD51A4CC529004A3F24 /* tipcalculator2 */ = {
			isa = PBXNativeTarget;
			buildConfigurationList = 32D89BF91A4CC52A004A3F24 /* Build configuration list for PBXNativeTarget "tipcalculator2" */;
			buildPhases = (
				32D89BD21A4CC529004A3F24 /* Sources */,
				32D89BD31A4CC529004A3F24 /* Frameworks */,
				32D89BD41A4CC529004A3F24 /* Resources */,
			);
			buildRules = (
			);
			dependencies = (
			);
			name = tipcalculator2;
			productName = tipcalculator2;
			productReference = 32D89BD61A4CC529004A3F24 /* tipcalculator2.app */;
			productType = "com.apple.product-type.application";
		};
		32D89BEE1A4CC529004A3F24 /* tipcalculator2Tests */ = {
			isa = PBXNativeTarget;
			buildConfigurationList = 32D89BFC1A4CC52A004A3F24 /* Build configuration list for PBXNativeTarget "tipcalculator2Tests" */;
			buildPhases = (
				32D89BEB1A4CC529004A3F24 /* Sources */,
				32D89BEC1A4CC529004A3F24 /* Frameworks */,
				32D89BED1A4CC529004A3F24 /* Resources */,
			);
			buildRules = (
			);
			dependencies = (
				32D89BF11A4CC52A004A3F24 /* PBXTargetDependency */,
			);
			name = tipcalculator2Tests;
			productName = tipcalculator2Tests;
			productReference = 32D89BEF1A4CC52A004A3F24 /* tipcalculator2Tests.xctest */;
			productType = "com.apple.product-type.bundle.unit-test";
		};
/* End PBXNativeTarget section */

/* Begin PBXProject section */
		32D89BCE1A4CC529004A3F24 /* Project object */ = {
			isa = PBXProject;
			attributes = {
				LastUpgradeCheck = 0610;
				ORGANIZATIONNAME = "Bryan Huh";
				TargetAttributes = {
					32D89BD51A4CC529004A3F24 = {
						CreatedOnToolsVersion = 6.1.1;
					};
					32D89BEE1A4CC529004A3F24 = {
						CreatedOnToolsVersion = 6.1.1;
						TestTargetID = 32D89BD51A4CC529004A3F24;
					};
				};
			};
			buildConfigurationList = 32D89BD11A4CC529004A3F24 /* Build configuration list for PBXProject "tipcalculator2" */;
			compatibilityVersion = "Xcode 3.2";
			developmentRegion = English;
			hasScannedForEncodings = 0;
			knownRegions = (
				en,
				Base,
			);
			mainGroup = 32D89BCD1A4CC529004A3F24;
			productRefGroup = 32D89BD71A4CC529004A3F24 /* Products */;
			projectDirPath = "";
			projectRoot = "";
			targets = (
				32D89BD51A4CC529004A3F24 /* tipcalculator2 */,
				32D89BEE1A4CC529004A3F24 /* tipcalculator2Tests */,
			);
		};
/* End PBXProject section */

/* Begin PBXResourcesBuildPhase section */
		32D89BD41A4CC529004A3F24 /* Resources */ = {
			isa = PBXResourcesBuildPhase;
			buildActionMask = 2147483647;
			files = (
				32D89BE51A4CC529004A3F24 /* Main.storyboard in Resources */,
				32D89BEA1A4CC529004A3F24 /* LaunchScreen.xib in Resources */,
				32D89C031A4CCA5A004A3F24 /* TipViewController.xib in Resources */,
				32D89BE71A4CC529004A3F24 /* Images.xcassets in Resources */,
				32D89C081A4D59C1004A3F24 /* SettingsViewController.xib in Resources */,
			);
			runOnlyForDeploymentPostprocessing = 0;
		};
		32D89BED1A4CC529004A3F24 /* Resources */ = {
			isa = PBXResourcesBuildPhase;
			buildActionMask = 2147483647;
			files = (
			);
			runOnlyForDeploymentPostprocessing = 0;
		};
/* End PBXResourcesBuildPhase section */

/* Begin PBXSourcesBuildPhase section */
		32D89BD21A4CC529004A3F24 /* Sources */ = {
			isa = PBXSourcesBuildPhase;
			buildActionMask = 2147483647;
			files = (
				32D89BE21A4CC529004A3F24 /* ViewController.m in Sources */,
				32D89BDF1A4CC529004A3F24 /* AppDelegate.m in Sources */,
				32D89C071A4D59C1004A3F24 /* SettingsViewController.m in Sources */,
				32D89C021A4CCA5A004A3F24 /* TipViewController.m in Sources */,
				32D89BDC1A4CC529004A3F24 /* main.m in Sources */,
			);
			runOnlyForDeploymentPostprocessing = 0;
		};
		32D89BEB1A4CC529004A3F24 /* Sources */ = {
			isa = PBXSourcesBuildPhase;
			buildActionMask = 2147483647;
			files = (
				32D89BF61A4CC52A004A3F24 /* tipcalculator2Tests.m in Sources */,
			);
			runOnlyForDeploymentPostprocessing = 0;
		};
/* End PBXSourcesBuildPhase section */

/* Begin PBXTargetDependency section */
		32D89BF11A4CC52A004A3F24 /* PBXTargetDependency */ = {
			isa = PBXTargetDependency;
			target = 32D89BD51A4CC529004A3F24 /* tipcalculator2 */;
			targetProxy = 32D89BF01A4CC52A004A3F24 /* PBXContainerItemProxy */;
		};
/* End PBXTargetDependency section */

/* Begin PBXVariantGroup section */
		32D89BE31A4CC529004A3F24 /* Main.storyboard */ = {
			isa = PBXVariantGroup;
			children = (
				32D89BE41A4CC529004A3F24 /* Base */,
			);
			name = Main.storyboard;
			sourceTree = "<group>";
		};
		32D89BE81A4CC529004A3F24 /* LaunchScreen.xib */ = {
			isa = PBXVariantGroup;
			children = (
				32D89BE91A4CC529004A3F24 /* Base */,
			);
			name = LaunchScreen.xib;
			sourceTree = "<group>";
		};
/* End PBXVariantGroup section */

/* Begin XCBuildConfiguration section */
		32D89BF71A4CC52A004A3F24 /* Debug */ = {
			isa = XCBuildConfiguration;
			buildSettings = {
				ALWAYS_SEARCH_USER_PATHS = NO;
				CLANG_CXX_LANGUAGE_STANDARD = "gnu++0x";
				CLANG_CXX_LIBRARY = "libc++";
				CLANG_ENABLE_MODULES = YES;
				CLANG_ENABLE_OBJC_ARC = YES;
				CLANG_WARN_BOOL_CONVERSION = YES;
				CLANG_WARN_CONSTANT_CONVERSION = YES;
				CLANG_WARN_DIRECT_OBJC_ISA_USAGE = YES_ERROR;
				CLANG_WARN_EMPTY_BODY = YES;
				CLANG_WARN_ENUM_CONVERSION = YES;
				CLANG_WARN_INT_CONVERSION = YES;
				CLANG_WARN_OBJC_ROOT_CLASS = YES_ERROR;
				CLANG_WARN_UNREACHABLE_CODE = YES;
				CLANG_WARN__DUPLICATE_METHOD_MATCH = YES;
				"CODE_SIGN_IDENTITY[sdk=iphoneos*]" = "iPhone Developer";
				COPY_PHASE_STRIP = NO;
				ENABLE_STRICT_OBJC_MSGSEND = YES;
				GCC_C_LANGUAGE_STANDARD = gnu99;
				GCC_DYNAMIC_NO_PIC = NO;
				GCC_OPTIMIZATION_LEVEL = 0;
				GCC_PREPROCESSOR_DEFINITIONS = (
					"DEBUG=1",
					"$(inherited)",
				);
				GCC_SYMBOLS_PRIVATE_EXTERN = NO;
				GCC_WARN_64_TO_32_BIT_CONVERSION = YES;
				GCC_WARN_ABOUT_RETURN_TYPE = YES_ERROR;
				GCC_WARN_UNDECLARED_SELECTOR = YES;
				GCC_WARN_UNINITIALIZED_AUTOS = YES_AGGRESSIVE;
				GCC_WARN_UNUSED_FUNCTION = YES;
				GCC_WARN_UNUSED_VARIABLE = YES;
				IPHONEOS_DEPLOYMENT_TARGET = 8.1;
				MTL_ENABLE_DEBUG_INFO = YES;
				ONLY_ACTIVE_ARCH = YES;
				SDKROOT = iphoneos;
				TARGETED_DEVICE_FAMILY = "1,2";
			};
			name = Debug;
		};
		32D89BF81A4CC52A004A3F24 /* Release */ = {
			isa = XCBuildConfiguration;
			buildSettings = {
				ALWAYS_SEARCH_USER_PATHS = NO;
				CLANG_CXX_LANGUAGE_STANDARD = "gnu++0x";
				CLANG_CXX_LIBRARY = "libc++";
				CLANG_ENABLE_MODULES = YES;
				CLANG_ENABLE_OBJC_ARC = YES;
				CLANG_WARN_BOOL_CONVERSION = YES;
				CLANG_WARN_CONSTANT_CONVERSION = YES;
				CLANG_WARN_DIRECT_OBJC_ISA_USAGE = YES_ERROR;
				CLANG_WARN_EMPTY_BODY = YES;
				CLANG_WARN_ENUM_CONVERSION = YES;
				CLANG_WARN_INT_CONVERSION = YES;
				CLANG_WARN_OBJC_ROOT_CLASS = YES_ERROR;
				CLANG_WARN_UNREACHABLE_CODE = YES;
				CLANG_WARN__DUPLICATE_METHOD_MATCH = YES;
				"CODE_SIGN_IDENTITY[sdk=iphoneos*]" = "iPhone Developer";
				COPY_PHASE_STRIP = YES;
				ENABLE_NS_ASSERTIONS = NO;
				ENABLE_STRICT_OBJC_MSGSEND = YES;
				GCC_C_LANGUAGE_STANDARD = gnu99;
				GCC_WARN_64_TO_32_BIT_CONVERSION = YES;
				GCC_WARN_ABOUT_RETURN_TYPE = YES_ERROR;
				GCC_WARN_UNDECLARED_SELECTOR = YES;
				GCC_WARN_UNINITIALIZED_AUTOS = YES_AGGRESSIVE;
				GCC_WARN_UNUSED_FUNCTION = YES;
				GCC_WARN_UNUSED_VARIABLE = YES;
				IPHONEOS_DEPLOYMENT_TARGET = 8.1;
				MTL_ENABLE_DEBUG_INFO = NO;
				SDKROOT = iphoneos;
				TARGETED_DEVICE_FAMILY = "1,2";
				VALIDATE_PRODUCT = YES;
			};
			name = Release;
		};
		32D89BFA1A4CC52A004A3F24 /* Debug */ = {
			isa = XCBuildConfiguration;
			buildSettings = {
				ASSETCATALOG_COMPILER_APPICON_NAME = AppIcon;
				INFOPLIST_FILE = tipcalculator2/Info.plist;
				IPHONEOS_DEPLOYMENT_TARGET = 8.0;
				LD_RUNPATH_SEARCH_PATHS = "$(inherited) @executable_path/Frameworks";
				PRODUCT_NAME = "$(TARGET_NAME)";
				TARGETED_DEVICE_FAMILY = 1;
			};
			name = Debug;
		};
		32D89BFB1A4CC52A004A3F24 /* Release */ = {
			isa = XCBuildConfiguration;
			buildSettings = {
				ASSETCATALOG_COMPILER_APPICON_NAME = AppIcon;
				INFOPLIST_FILE = tipcalculator2/Info.plist;
				IPHONEOS_DEPLOYMENT_TARGET = 8.0;
				LD_RUNPATH_SEARCH_PATHS = "$(inherited) @executable_path/Frameworks";
				PRODUCT_NAME = "$(TARGET_NAME)";
				TARGETED_DEVICE_FAMILY = 1;
			};
			name = Release;
		};
		32D89BFD1A4CC52A004A3F24 /* Debug */ = {
			isa = XCBuildConfiguration;
			buildSettings = {
				BUNDLE_LOADER = "$(TEST_HOST)";
				FRAMEWORK_SEARCH_PATHS = (
					"$(SDKROOT)/Developer/Library/Frameworks",
					"$(inherited)",
				);
				GCC_PREPROCESSOR_DEFINITIONS = (
					"DEBUG=1",
					"$(inherited)",
				);
				INFOPLIST_FILE = tipcalculator2Tests/Info.plist;
				LD_RUNPATH_SEARCH_PATHS = "$(inherited) @executable_path/Frameworks @loader_path/Frameworks";
				PRODUCT_NAME = "$(TARGET_NAME)";
				TEST_HOST = "$(BUILT_PRODUCTS_DIR)/tipcalculator2.app/tipcalculator2";
			};
			name = Debug;
		};
		32D89BFE1A4CC52A004A3F24 /* Release */ = {
			isa = XCBuildConfiguration;
			buildSettings = {
				BUNDLE_LOADER = "$(TEST_HOST)";
				FRAMEWORK_SEARCH_PATHS = (
					"$(SDKROOT)/Developer/Library/Frameworks",
					"$(inherited)",
				);
				INFOPLIST_FILE = tipcalculator2Tests/Info.plist;
				LD_RUNPATH_SEARCH_PATHS = "$(inherited) @executable_path/Frameworks @loader_path/Frameworks";
				PRODUCT_NAME = "$(TARGET_NAME)";
				TEST_HOST = "$(BUILT_PRODUCTS_DIR)/tipcalculator2.app/tipcalculator2";
			};
			name = Release;
		};
/* End XCBuildConfiguration section */

/* Begin XCConfigurationList section */
		32D89BD11A4CC529004A3F24 /* Build configuration list for PBXProject "tipcalculator2" */ = {
			isa = XCConfigurationList;
			buildConfigurations = (
				32D89BF71A4CC52A004A3F24 /* Debug */,
				32D89BF81A4CC52A004A3F24 /* Release */,
			);
			defaultConfigurationIsVisible = 0;
			defaultConfigurationName = Release;
		};
		32D89BF91A4CC52A004A3F24 /* Build configuration list for PBXNativeTarget "tipcalculator2" */ = {
			isa = XCConfigurationList;
			buildConfigurations = (
				32D89BFA1A4CC52A004A3F24 /* Debug */,
				32D89BFB1A4CC52A004A3F24 /* Release */,
			);
			defaultConfigurationIsVisible = 0;
		};
		32D89BFC1A4CC52A004A3F24 /* Build configuration list for PBXNativeTarget "tipcalculator2Tests" */ = {
			isa = XCConfigurationList;
			buildConfigurations = (
				32D89BFD1A4CC52A004A3F24 /* Debug */,
				32D89BFE1A4CC52A004A3F24 /* Release */,
			);
			defaultConfigurationIsVisible = 0;
		};
/* End XCConfigurationList section */
	};
	rootObject = 32D89BCE1A4CC529004A3F24 /* Project object */;
}
